<?xml version="1.0" encoding="UTF-8" standalone="yes" ?>
<CodeBlocks_project_file>
	<FileVersion major="1" minor="6" />
	<Project>
		<Option title="FlappyBirdinCplus" />
		<Option pch_mode="2" />
		<Option compiler="gcc" />
		<Build>
			<Target title="Debug">
				<Option output="bin/Debug/FlappyBirdinCplus" prefix_auto="1" extension_auto="1" />
				<Option object_output="obj/Debug/" />
				<Option type="1" />
				<Option compiler="gcc" />
				<Compiler>
					<Add option="-std=c++11" />
					<Add option="-g" />
					<Add directory="../../Promgraming/SDL2-2.0.1/i686-w64-mingw32/include/SDL2" />
					<Add directory="../../Promgraming/SDL2_image-devel-2.0.0-mingw/SDL2_image-2.0.0/i686-w64-mingw32/include/SDL2" />
				</Compiler>
				<Linker>
					<Add option="-lmingw32 -lSDL2 -lSDL2main -lSDL2.dll -luser32 -lgdi32 -lwinmm -ldxguid -lSDL2_image" />
					<Add directory="../../Promgraming/SDL2-2.0.1/i686-w64-mingw32/lib" />
					<Add directory="../../Promgraming/SDL2_image-devel-2.0.0-mingw/SDL2_image-2.0.0/i686-w64-mingw32/lib" />
				</Linker>
			</Target>
			<Target title="Release">
				<Option output="bin/Release/FlappyBirdinCplus" prefix_auto="1" extension_auto="1" />
				<Option object_output="obj/Release/" />
				<Option type="0" />
				<Option compiler="gcc" />
				<Compiler>
					<Add option="-fomit-frame-pointer" />
					<Add option="-std=c++11" />
					<Add option="-fexceptions -fpermissive" />
				</Compiler>
				<Linker>
					<Add option="-s" />
				</Linker>
			</Target>
		</Build>
		<Compiler>
			<Add option="-Wall" />
			<Add option="-fexceptions -fpermissive" />
			<Add directory="../../Promgraming/SDL2-2.0.1/i686-w64-mingw32/include/SDL2" />
			<Add directory="../../Promgraming/SDL2_image-devel-2.0.0-mingw/SDL2_image-2.0.0/i686-w64-mingw32/include/SDL2" />
			<Add directory="../../Promgraming/SDL2_ttf-devel-2.0.12-mingw/SDL2_ttf-2.0.12/i686-w64-mingw32/include/SDL2" />
		</Compiler>
		<Linker>
			<Add option="-lmingw32 -lSDL2 -lSDL2main -lSDL2.dll -luser32 -lgdi32 -lwinmm -ldxguid -lSDL2_image -lSDL2_ttf" />
			<Add directory="../../Promgraming/SDL2-2.0.1/i686-w64-mingw32/lib" />
			<Add directory="../../Promgraming/SDL2_image-devel-2.0.0-mingw/SDL2_image-2.0.0/i686-w64-mingw32/lib" />
			<Add directory="../../Promgraming/SDL2_ttf-devel-2.0.12-mingw/SDL2_ttf-2.0.12/i686-w64-mingw32/lib" />
		</Linker>
		<Unit filename="Drawer.h" />
		<Unit filename="EventHandler.h" />
		<Unit filename="Game.cpp" />
		<Unit filename="Game.h" />
		<Unit filename="Object.cpp" />
		<Unit filename="Object.h" />
		<Unit filename="main.cpp" />
		<Unit filename="type.h" />
		<Extensions>
			<code_completion />
			<envvars />
			<debugger />
			<lib_finder disable_auto="1" />
		</Extensions>
	</Project>
</CodeBlocks_project_file>
